
Microsoft Visual Studio Solution File, Format Version 12.00
# Visual Studio Version 18
VisualStudioVersion = 18.4.11620.152
MinimumVisualStudioVersion = 10.0.40219.1
Project("{FAE04EC0-301F-11D3-BF4B-00C04F79EFBC}") = "DarkKitchen.API", "DarkKitchen.API\DarkKitchen.API.csproj", "{B1C2D3E4-F567-890A-BCDE-F01234567890}"
EndProject
Project("{FAE04EC0-301F-11D3-BF4B-00C04F79EFBC}") = "DarkKitchen.Domain", "DarkKitchen.Domain\DarkKitchen.Domain.csproj", "{18FC770C-61FE-49FC-B106-56E6CD3A88ED}"
EndProject
Project("{FAE04EC0-301F-11D3-BF4B-00C04F79EFBC}") = "DarkKitchen.Services", "DarkKitchen.Services\DarkKitchen.Services.csproj", "{79E5BA79-A0D6-4DF4-9B78-83CE3E998E11}"
EndProject
Project("{FAE04EC0-301F-11D3-BF4B-00C04F79EFBC}") = "DarkKitchen.Models", "DarkKitchen.Models\DarkKitchen.Models.csproj", "{B29373CF-829F-4301-83D3-D9ABE9C94B3F}"
EndProject
Project("{FAE04EC0-301F-11D3-BF4B-00C04F79EFBC}") = "DarkKitchen.Tests.Domain", "DarkKitchen.Tests.Domain\DarkKitchen.Tests.Domain.csproj", "{2A130891-3060-4CE9-87CA-C535B03BE6DE}"
EndProject
Project("{FAE04EC0-301F-11D3-BF4B-00C04F79EFBC}") = "DarkKitchen.Tests.Services", "DarkKitchen.Tests.Services\DarkKitchen.Tests.Services.csproj", "{EB9A983C-9F8E-439D-91EA-DED503B21428}"
EndProject
Project("{FAE04EC0-301F-11D3-BF4B-00C04F79EFBC}") = "DarkKitchen.Tests.API", "DarkKitchen.Tests.API\DarkKitchen.Tests.API.csproj", "{DDCF6A65-C748-4EEF-8CC9-4E3E8BC2A4AC}"
EndProject
Project("{FAE04EC0-301F-11D3-BF4B-00C04F79EFBC}") = "DarkKitchen.DataAccess", "DarkKitchen.Repositories\DarkKitchen.DataAccess.csproj", "{6BFF4007-0745-4B9B-BFBD-54262D7F3614}"
EndProject
Project("{FAE04EC0-301F-11D3-BF4B-00C04F79EFBC}") = "DarkKitchen.Tests.DataAccess", "DarkKitchen.Tests.DataAccess\DarkKitchen.Tests.DataAccess.csproj", "{591A4ED2-66EE-4E69-9D9D-0681C05D1EAC}"
EndProject
Global
	GlobalSection(SolutionConfigurationPlatforms) = preSolution
		Debug|Any CPU = Debug|Any CPU
		Release|Any CPU = Release|Any CPU
	EndGlobalSection
	GlobalSection(ProjectConfigurationPlatforms) = postSolution
		{B1C2D3E4-F567-890A-BCDE-F01234567890}.Debug|Any CPU.ActiveCfg = Debug|Any CPU
		{B1C2D3E4-F567-890A-BCDE-F01234567890}.Debug|Any CPU.Build.0 = Debug|Any CPU
		{B1C2D3E4-F567-890A-BCDE-F01234567890}.Release|Any CPU.ActiveCfg = Release|Any CPU
		{B1C2D3E4-F567-890A-BCDE-F01234567890}.Release|Any CPU.Build.0 = Release|Any CPU
		{18FC770C-61FE-49FC-B106-56E6CD3A88ED}.Debug|Any CPU.ActiveCfg = Debug|Any CPU
		{18FC770C-61FE-49FC-B106-56E6CD3A88ED}.Debug|Any CPU.Build.0 = Debug|Any CPU
		{18FC770C-61FE-49FC-B106-56E6CD3A88ED}.Release|Any CPU.ActiveCfg = Release|Any CPU
		{18FC770C-61FE-49FC-B106-56E6CD3A88ED}.Release|Any CPU.Build.0 = Release|Any CPU
		{79E5BA79-A0D6-4DF4-9B78-83CE3E998E11}.Debug|Any CPU.ActiveCfg = Debug|Any CPU
		{79E5BA79-A0D6-4DF4-9B78-83CE3E998E11}.Debug|Any CPU.Build.0 = Debug|Any CPU
		{79E5BA79-A0D6-4DF4-9B78-83CE3E998E11}.Release|Any CPU.ActiveCfg = Release|Any CPU
		{79E5BA79-A0D6-4DF4-9B78-83CE3E998E11}.Release|Any CPU.Build.0 = Release|Any CPU
		{B29373CF-829F-4301-83D3-D9ABE9C94B3F}.Debug|Any CPU.ActiveCfg = Debug|Any CPU
		{B29373CF-829F-4301-83D3-D9ABE9C94B3F}.Debug|Any CPU.Build.0 = Debug|Any CPU
		{B29373CF-829F-4301-83D3-D9ABE9C94B3F}.Release|Any CPU.ActiveCfg = Release|Any CPU
		{B29373CF-829F-4301-83D3-D9ABE9C94B3F}.Release|Any CPU.Build.0 = Release|Any CPU
		{2A130891-3060-4CE9-87CA-C535B03BE6DE}.Debug|Any CPU.ActiveCfg = Debug|Any CPU
		{2A130891-3060-4CE9-87CA-C535B03BE6DE}.Debug|Any CPU.Build.0 = Debug|Any CPU
		{2A130891-3060-4CE9-87CA-C535B03BE6DE}.Release|Any CPU.ActiveCfg = Release|Any CPU
		{2A130891-3060-4CE9-87CA-C535B03BE6DE}.Release|Any CPU.Build.0 = Release|Any CPU
		{EB9A983C-9F8E-439D-91EA-DED503B21428}.Debug|Any CPU.ActiveCfg = Debug|Any CPU
		{EB9A983C-9F8E-439D-91EA-DED503B21428}.Debug|Any CPU.Build.0 = Debug|Any CPU
		{EB9A983C-9F8E-439D-91EA-DED503B21428}.Release|Any CPU.ActiveCfg = Release|Any CPU
		{EB9A983C-9F8E-439D-91EA-DED503B21428}.Release|Any CPU.Build.0 = Release|Any CPU
		{DDCF6A65-C748-4EEF-8CC9-4E3E8BC2A4AC}.Debug|Any CPU.ActiveCfg = Debug|Any CPU
		{DDCF6A65-C748-4EEF-8CC9-4E3E8BC2A4AC}.Debug|Any CPU.Build.0 = Debug|Any CPU
		{DDCF6A65-C748-4EEF-8CC9-4E3E8BC2A4AC}.Release|Any CPU.ActiveCfg = Release|Any CPU
		{DDCF6A65-C748-4EEF-8CC9-4E3E8BC2A4AC}.Release|Any CPU.Build.0 = Release|Any CPU
		{6BFF4007-0745-4B9B-BFBD-54262D7F3614}.Debug|Any CPU.ActiveCfg = Debug|Any CPU
		{6BFF4007-0745-4B9B-BFBD-54262D7F3614}.Debug|Any CPU.Build.0 = Debug|Any CPU
		{6BFF4007-0745-4B9B-BFBD-54262D7F3614}.Release|Any CPU.ActiveCfg = Release|Any CPU
		{6BFF4007-0745-4B9B-BFBD-54262D7F3614}.Release|Any CPU.Build.0 = Release|Any CPU
		{591A4ED2-66EE-4E69-9D9D-0681C05D1EAC}.Debug|Any CPU.ActiveCfg = Debug|Any CPU
		{591A4ED2-66EE-4E69-9D9D-0681C05D1EAC}.Debug|Any CPU.Build.0 = Debug|Any CPU
		{591A4ED2-66EE-4E69-9D9D-0681C05D1EAC}.Release|Any CPU.ActiveCfg = Release|Any CPU
		{591A4ED2-66EE-4E69-9D9D-0681C05D1EAC}.Release|Any CPU.Build.0 = Release|Any CPU
	EndGlobalSection
	GlobalSection(SolutionProperties) = preSolution
		HideSolutionNode = FALSE
	EndGlobalSection
	GlobalSection(ExtensibilityGlobals) = postSolution
		SolutionGuid = {BB5CF763-6786-49A0-8B9F-8054FF80532F}
	EndGlobalSection
EndGlobal
